
Microsoft Visual Studio Solution File, Format Version 12.00
# Visual Studio Version 17
VisualStudioVersion = 17.14.36414.22 d17.14
MinimumVisualStudioVersion = 10.0.40219.1
Project("{FAE04EC0-301F-11D3-BF4B-00C04F79EFBC}") = "HolaMundo", "HolaMundo\HolaMundo.csproj", "{C1FD8632-22ED-4382-8611-2B9C963A543C}"
EndProject
Global
	GlobalSection(SolutionConfigurationPlatforms) = preSolution
		Debug|Any CPU = Debug|Any CPU
		Release|Any CPU = Release|Any CPU
	EndGlobalSection
	GlobalSection(ProjectConfigurationPlatforms) = postSolution
		{C1FD8632-22ED-4382-8611-2B9C963A543C}.Debug|Any CPU.ActiveCfg = Debug|Any CPU
		{C1FD8632-22ED-4382-8611-2B9C963A543C}.Debug|Any CPU.Build.0 = Debug|Any CPU
		{C1FD8632-22ED-4382-8611-2B9C963A543C}.Release|Any CPU.ActiveCfg = Release|Any CPU
		{C1FD8632-22ED-4382-8611-2B9C963A543C}.Release|Any CPU.Build.0 = Release|Any CPU
	EndGlobalSection
	GlobalSection(SolutionProperties) = preSolution
		HideSolutionNode = FALSE
	EndGlobalSection
	GlobalSection(ExtensibilityGlobals) = postSolution
		SolutionGuid = {FD2D2E21-E3B9-4EEC-9F53-693054E8ED6A}
	EndGlobalSection
EndGlobal
