
Microsoft Visual Studio Solution File, Format Version 12.00
# Visual Studio Version 17
VisualStudioVersion = 17.14.36414.22 d17.14
MinimumVisualStudioVersion = 10.0.40219.1
Project("{FAE04EC0-301F-11D3-BF4B-00C04F79EFBC}") = "Clase1_Ejemplo1", "Clase1_Ejemplo1.csproj", "{A852A1BE-A94C-467C-B302-063767ECE184}"
EndProject
Global
	GlobalSection(SolutionConfigurationPlatforms) = preSolution
		Debug|Any CPU = Debug|Any CPU
		Release|Any CPU = Release|Any CPU
	EndGlobalSection
	GlobalSection(ProjectConfigurationPlatforms) = postSolution
		{A852A1BE-A94C-467C-B302-063767ECE184}.Debug|Any CPU.ActiveCfg = Debug|Any CPU
		{A852A1BE-A94C-467C-B302-063767ECE184}.Debug|Any CPU.Build.0 = Debug|Any CPU
		{A852A1BE-A94C-467C-B302-063767ECE184}.Release|Any CPU.ActiveCfg = Release|Any CPU
		{A852A1BE-A94C-467C-B302-063767ECE184}.Release|Any CPU.Build.0 = Release|Any CPU
	EndGlobalSection
	GlobalSection(SolutionProperties) = preSolution
		HideSolutionNode = FALSE
	EndGlobalSection
	GlobalSection(ExtensibilityGlobals) = postSolution
		SolutionGuid = {89CCECAE-D727-4E74-84F1-2103E7375A33}
	EndGlobalSection
EndGlobal
